// !$*UTF8*$!
{
	archiveVersion = 1;
	classes = {
	};
	objectVersion = 56;
	objects = {

/* Begin PBXBuildFile section */
		AF5A146729F2C8CD0067E183 /* AppDelegate.swift in Sources */ = {isa = PBXBuildFile; fileRef = AF5A146629F2C8CD0067E183 /* AppDelegate.swift */; };
		AF5A146929F2C8CD0067E183 /* SceneDelegate.swift in Sources */ = {isa = PBXBuildFile; fileRef = AF5A146829F2C8CD0067E183 /* SceneDelegate.swift */; };
		AF5A146B29F2C8CD0067E183 /* ViewController.swift in Sources */ = {isa = PBXBuildFile; fileRef = AF5A146A29F2C8CD0067E183 /* ViewController.swift */; };
		AF5A146E29F2C8CD0067E183 /* Main.storyboard in Resources */ = {isa = PBXBuildFile; fileRef = AF5A146C29F2C8CD0067E183 /* Main.storyboard */; };
		AF5A147029F2C8CE0067E183 /* Assets.xcassets in Resources */ = {isa = PBXBuildFile; fileRef = AF5A146F29F2C8CE0067E183 /* Assets.xcassets */; };
		AF5A147329F2C8CE0067E183 /* LaunchScreen.storyboard in Resources */ = {isa = PBXBuildFile; fileRef = AF5A147129F2C8CE0067E183 /* LaunchScreen.storyboard */; };
		AF5A147E29F2C8CE0067E183 /* AtosTests.swift in Sources */ = {isa = PBXBuildFile; fileRef = AF5A147D29F2C8CE0067E183 /* AtosTests.swift */; };
		AF5A148829F2C8CE0067E183 /* AtosUITests.swift in Sources */ = {isa = PBXBuildFile; fileRef = AF5A148729F2C8CE0067E183 /* AtosUITests.swift */; };
		AF5A148A29F2C8CE0067E183 /* AtosUITestsLaunchTests.swift in Sources */ = {isa = PBXBuildFile; fileRef = AF5A148929F2C8CE0067E183 /* AtosUITestsLaunchTests.swift */; };
		AF5A149829F2C8EC0067E183 /* AppCoordinator.swift in Sources */ = {isa = PBXBuildFile; fileRef = AF5A149729F2C8EC0067E183 /* AppCoordinator.swift */; };
		AF5A149A29F2C9820067E183 /* Coordinator.swift in Sources */ = {isa = PBXBuildFile; fileRef = AF5A149929F2C9820067E183 /* Coordinator.swift */; };
		AF5A149C29F2C9A50067E183 /* LoginCooridnator.swift in Sources */ = {isa = PBXBuildFile; fileRef = AF5A149B29F2C9A50067E183 /* LoginCooridnator.swift */; };
		AF5A149E29F2C9BA0067E183 /* HomeCoordinator.swift in Sources */ = {isa = PBXBuildFile; fileRef = AF5A149D29F2C9BA0067E183 /* HomeCoordinator.swift */; };
		AF5A14A129F2C9FD0067E183 /* LoginViewController.swift in Sources */ = {isa = PBXBuildFile; fileRef = AF5A14A029F2C9FD0067E183 /* LoginViewController.swift */; };
		AF5A14A329F2CA150067E183 /* FeedViewController.swift in Sources */ = {isa = PBXBuildFile; fileRef = AF5A14A229F2CA150067E183 /* FeedViewController.swift */; };
		AF5A14A529F2CA2D0067E183 /* AccountViewController.swift in Sources */ = {isa = PBXBuildFile; fileRef = AF5A14A429F2CA2D0067E183 /* AccountViewController.swift */; };
		AF5A14A729F2CA4B0067E183 /* LoginView.swift in Sources */ = {isa = PBXBuildFile; fileRef = AF5A14A629F2CA4B0067E183 /* LoginView.swift */; };
		AF5A14A929F2CA520067E183 /* FeedView.swift in Sources */ = {isa = PBXBuildFile; fileRef = AF5A14A829F2CA520067E183 /* FeedView.swift */; };
		AF5A14AB29F2CA590067E183 /* AccountView.swift in Sources */ = {isa = PBXBuildFile; fileRef = AF5A14AA29F2CA590067E183 /* AccountView.swift */; };
		AF5A14AE29F2CB130067E183 /* LoginViewModel.swift in Sources */ = {isa = PBXBuildFile; fileRef = AF5A14AD29F2CB130067E183 /* LoginViewModel.swift */; };
		AF5A14B029F2CB1A0067E183 /* FeedViewModel.swift in Sources */ = {isa = PBXBuildFile; fileRef = AF5A14AF29F2CB1A0067E183 /* FeedViewModel.swift */; };
		AF5A14B429F2CB6D0067E183 /* AccountViewModel.swift in Sources */ = {isa = PBXBuildFile; fileRef = AF5A14B329F2CB6D0067E183 /* AccountViewModel.swift */; };
		AF5A14B629F2CB830067E183 /* ArticleCell.swift in Sources */ = {isa = PBXBuildFile; fileRef = AF5A14B529F2CB830067E183 /* ArticleCell.swift */; };
		AF5A14B929F2CBDB0067E183 /* Article.swift in Sources */ = {isa = PBXBuildFile; fileRef = AF5A14B829F2CBDB0067E183 /* Article.swift */; };
		AF5A14BD29F2CC140067E183 /* User.swift in Sources */ = {isa = PBXBuildFile; fileRef = AF5A14BC29F2CC140067E183 /* User.swift */; };
		AF5A14C029F2CE580067E183 /* UIColor+Hex.swift in Sources */ = {isa = PBXBuildFile; fileRef = AF5A14BF29F2CE580067E183 /* UIColor+Hex.swift */; };
		AF5A14C329F2CF900067E183 /* UIFont+Style.swift in Sources */ = {isa = PBXBuildFile; fileRef = AF5A14C229F2CF900067E183 /* UIFont+Style.swift */; };
		AF5A14C529F2CF9F0067E183 /* UIColor+Style.swift in Sources */ = {isa = PBXBuildFile; fileRef = AF5A14C429F2CF9F0067E183 /* UIColor+Style.swift */; };
		AF5A14C729F2D04B0067E183 /* UINavigationBar+Style.swift in Sources */ = {isa = PBXBuildFile; fileRef = AF5A14C629F2D04B0067E183 /* UINavigationBar+Style.swift */; };
		AF5A14C929F2D05B0067E183 /* UITabBar+Style.swift in Sources */ = {isa = PBXBuildFile; fileRef = AF5A14C829F2D05B0067E183 /* UITabBar+Style.swift */; };
		AF5A14CF29F2E1980067E183 /* NetworkManager.swift in Sources */ = {isa = PBXBuildFile; fileRef = AF5A14CE29F2E1980067E183 /* NetworkManager.swift */; };
		AF5A14D129F2E1ED0067E183 /* HTTPMethod.swift in Sources */ = {isa = PBXBuildFile; fileRef = AF5A14D029F2E1ED0067E183 /* HTTPMethod.swift */; };
		AF5A14D329F2E20A0067E183 /* HTTPScheme.swift in Sources */ = {isa = PBXBuildFile; fileRef = AF5A14D229F2E20A0067E183 /* HTTPScheme.swift */; };
		AF5A14D529F2E2250067E183 /* API.swift in Sources */ = {isa = PBXBuildFile; fileRef = AF5A14D429F2E2250067E183 /* API.swift */; };
		AF5A14D729F2E2800067E183 /* NewsAPI.swift in Sources */ = {isa = PBXBuildFile; fileRef = AF5A14D629F2E2800067E183 /* NewsAPI.swift */; };
		AF5A14DC29F2EBC60067E183 /* HeadlinesResponse.swift in Sources */ = {isa = PBXBuildFile; fileRef = AF5A14DB29F2EBC60067E183 /* HeadlinesResponse.swift */; };
		AF5A14DE29F30E300067E183 /* Alertable.swift in Sources */ = {isa = PBXBuildFile; fileRef = AF5A14DD29F30E300067E183 /* Alertable.swift */; };
		AF5A14E429F31DF30067E183 /* ArticleListCellViewModel.swift in Sources */ = {isa = PBXBuildFile; fileRef = AF5A14E329F31DF30067E183 /* ArticleListCellViewModel.swift */; };
		AF5A14E629F324250067E183 /* FeedUITableViewDataSource.swift in Sources */ = {isa = PBXBuildFile; fileRef = AF5A14E529F324250067E183 /* FeedUITableViewDataSource.swift */; };
		AF5A14E829F325780067E183 /* UITableView+Reusable.swift in Sources */ = {isa = PBXBuildFile; fileRef = AF5A14E729F325780067E183 /* UITableView+Reusable.swift */; };
		AF5A14EA29F32D0B0067E183 /* FeedUITableViewDelegate.swift in Sources */ = {isa = PBXBuildFile; fileRef = AF5A14E929F32D0B0067E183 /* FeedUITableViewDelegate.swift */; };
		AF5A14EC29F33B1E0067E183 /* ArticleView.swift in Sources */ = {isa = PBXBuildFile; fileRef = AF5A14EB29F33B1E0067E183 /* ArticleView.swift */; };
		AF5A14EE29F33B370067E183 /* ArticleViewController.swift in Sources */ = {isa = PBXBuildFile; fileRef = AF5A14ED29F33B370067E183 /* ArticleViewController.swift */; };
		AF5A14F029F33B580067E183 /* ArticleViewModel.swift in Sources */ = {isa = PBXBuildFile; fileRef = AF5A14EF29F33B580067E183 /* ArticleViewModel.swift */; };
		AF5A14F229F33C250067E183 /* FeedCoordinator.swift in Sources */ = {isa = PBXBuildFile; fileRef = AF5A14F129F33C250067E183 /* FeedCoordinator.swift */; };
		AF5A14F429F33C4C0067E183 /* AccountCoordinator.swift in Sources */ = {isa = PBXBuildFile; fileRef = AF5A14F329F33C4C0067E183 /* AccountCoordinator.swift */; };
		AF5A14F729F3490F0067E183 /* ImageLoader.swift in Sources */ = {isa = PBXBuildFile; fileRef = AF5A14F629F3490F0067E183 /* ImageLoader.swift */; };
		AF5A14F929F34AF50067E183 /* UIImageView+ActivityIndicator.swift in Sources */ = {isa = PBXBuildFile; fileRef = AF5A14F829F34AF50067E183 /* UIImageView+ActivityIndicator.swift */; };
		AF5A14FB29F416900067E183 /* AuthenticationServiceType.swift in Sources */ = {isa = PBXBuildFile; fileRef = AF5A14FA29F416900067E183 /* AuthenticationServiceType.swift */; };
		AF5A14FD29F416E50067E183 /* AuthenticationMockService.swift in Sources */ = {isa = PBXBuildFile; fileRef = AF5A14FC29F416E50067E183 /* AuthenticationMockService.swift */; };
		AF5A150029F422620067E183 /* DIContainerType.swift in Sources */ = {isa = PBXBuildFile; fileRef = AF5A14FF29F422620067E183 /* DIContainerType.swift */; };
		AF5A150229F425120067E183 /* DIContainer.swift in Sources */ = {isa = PBXBuildFile; fileRef = AF5A150129F425120067E183 /* DIContainer.swift */; };
/* End PBXBuildFile section */

/* Begin PBXContainerItemProxy section */
		AF5A147A29F2C8CE0067E183 /* PBXContainerItemProxy */ = {
			isa = PBXContainerItemProxy;
			containerPortal = AF5A145B29F2C8CC0067E183 /* Project object */;
			proxyType = 1;
			remoteGlobalIDString = AF5A146229F2C8CC0067E183;
			remoteInfo = Atos;
		};
		AF5A148429F2C8CE0067E183 /* PBXContainerItemProxy */ = {
			isa = PBXContainerItemProxy;
			containerPortal = AF5A145B29F2C8CC0067E183 /* Project object */;
			proxyType = 1;
			remoteGlobalIDString = AF5A146229F2C8CC0067E183;
			remoteInfo = Atos;
		};
/* End PBXContainerItemProxy section */

/* Begin PBXFileReference section */
		AF5A146329F2C8CD0067E183 /* Atos.app */ = {isa = PBXFileReference; explicitFileType = wrapper.application; includeInIndex = 0; path = Atos.app; sourceTree = BUILT_PRODUCTS_DIR; };
		AF5A146629F2C8CD0067E183 /* AppDelegate.swift */ = {isa = PBXFileReference; lastKnownFileType = sourcecode.swift; path = AppDelegate.swift; sourceTree = "<group>"; };
		AF5A146829F2C8CD0067E183 /* SceneDelegate.swift */ = {isa = PBXFileReference; lastKnownFileType = sourcecode.swift; path = SceneDelegate.swift; sourceTree = "<group>"; };
		AF5A146A29F2C8CD0067E183 /* ViewController.swift */ = {isa = PBXFileReference; lastKnownFileType = sourcecode.swift; path = ViewController.swift; sourceTree = "<group>"; };
		AF5A146D29F2C8CD0067E183 /* Base */ = {isa = PBXFileReference; lastKnownFileType = file.storyboard; name = Base; path = Base.lproj/Main.storyboard; sourceTree = "<group>"; };
		AF5A146F29F2C8CE0067E183 /* Assets.xcassets */ = {isa = PBXFileReference; lastKnownFileType = folder.assetcatalog; path = Assets.xcassets; sourceTree = "<group>"; };
		AF5A147229F2C8CE0067E183 /* Base */ = {isa = PBXFileReference; lastKnownFileType = file.storyboard; name = Base; path = Base.lproj/LaunchScreen.storyboard; sourceTree = "<group>"; };
		AF5A147429F2C8CE0067E183 /* Info.plist */ = {isa = PBXFileReference; lastKnownFileType = text.plist.xml; path = Info.plist; sourceTree = "<group>"; };
		AF5A147929F2C8CE0067E183 /* AtosTests.xctest */ = {isa = PBXFileReference; explicitFileType = wrapper.cfbundle; includeInIndex = 0; path = AtosTests.xctest; sourceTree = BUILT_PRODUCTS_DIR; };
		AF5A147D29F2C8CE0067E183 /* AtosTests.swift */ = {isa = PBXFileReference; lastKnownFileType = sourcecode.swift; path = AtosTests.swift; sourceTree = "<group>"; };
		AF5A148329F2C8CE0067E183 /* AtosUITests.xctest */ = {isa = PBXFileReference; explicitFileType = wrapper.cfbundle; includeInIndex = 0; path = AtosUITests.xctest; sourceTree = BUILT_PRODUCTS_DIR; };
		AF5A148729F2C8CE0067E183 /* AtosUITests.swift */ = {isa = PBXFileReference; lastKnownFileType = sourcecode.swift; path = AtosUITests.swift; sourceTree = "<group>"; };
		AF5A148929F2C8CE0067E183 /* AtosUITestsLaunchTests.swift */ = {isa = PBXFileReference; lastKnownFileType = sourcecode.swift; path = AtosUITestsLaunchTests.swift; sourceTree = "<group>"; };
		AF5A149729F2C8EC0067E183 /* AppCoordinator.swift */ = {isa = PBXFileReference; lastKnownFileType = sourcecode.swift; path = AppCoordinator.swift; sourceTree = "<group>"; };
		AF5A149929F2C9820067E183 /* Coordinator.swift */ = {isa = PBXFileReference; lastKnownFileType = sourcecode.swift; path = Coordinator.swift; sourceTree = "<group>"; };
		AF5A149B29F2C9A50067E183 /* LoginCooridnator.swift */ = {isa = PBXFileReference; lastKnownFileType = sourcecode.swift; path = LoginCooridnator.swift; sourceTree = "<group>"; };
		AF5A149D29F2C9BA0067E183 /* HomeCoordinator.swift */ = {isa = PBXFileReference; lastKnownFileType = sourcecode.swift; path = HomeCoordinator.swift; sourceTree = "<group>"; };
		AF5A14A029F2C9FD0067E183 /* LoginViewController.swift */ = {isa = PBXFileReference; lastKnownFileType = sourcecode.swift; path = LoginViewController.swift; sourceTree = "<group>"; };
		AF5A14A229F2CA150067E183 /* FeedViewController.swift */ = {isa = PBXFileReference; lastKnownFileType = sourcecode.swift; path = FeedViewController.swift; sourceTree = "<group>"; };
		AF5A14A429F2CA2D0067E183 /* AccountViewController.swift */ = {isa = PBXFileReference; lastKnownFileType = sourcecode.swift; path = AccountViewController.swift; sourceTree = "<group>"; };
		AF5A14A629F2CA4B0067E183 /* LoginView.swift */ = {isa = PBXFileReference; lastKnownFileType = sourcecode.swift; path = LoginView.swift; sourceTree = "<group>"; };
		AF5A14A829F2CA520067E183 /* FeedView.swift */ = {isa = PBXFileReference; lastKnownFileType = sourcecode.swift; path = FeedView.swift; sourceTree = "<group>"; };
		AF5A14AA29F2CA590067E183 /* AccountView.swift */ = {isa = PBXFileReference; lastKnownFileType = sourcecode.swift; path = AccountView.swift; sourceTree = "<group>"; };
		AF5A14AD29F2CB130067E183 /* LoginViewModel.swift */ = {isa = PBXFileReference; lastKnownFileType = sourcecode.swift; path = LoginViewModel.swift; sourceTree = "<group>"; };
		AF5A14AF29F2CB1A0067E183 /* FeedViewModel.swift */ = {isa = PBXFileReference; lastKnownFileType = sourcecode.swift; path = FeedViewModel.swift; sourceTree = "<group>"; };
		AF5A14B329F2CB6D0067E183 /* AccountViewModel.swift */ = {isa = PBXFileReference; fileEncoding = 4; lastKnownFileType = sourcecode.swift; path = AccountViewModel.swift; sourceTree = "<group>"; };
		AF5A14B529F2CB830067E183 /* ArticleCell.swift */ = {isa = PBXFileReference; lastKnownFileType = sourcecode.swift; path = ArticleCell.swift; sourceTree = "<group>"; };
		AF5A14B829F2CBDB0067E183 /* Article.swift */ = {isa = PBXFileReference; lastKnownFileType = sourcecode.swift; path = Article.swift; sourceTree = "<group>"; };
		AF5A14BC29F2CC140067E183 /* User.swift */ = {isa = PBXFileReference; lastKnownFileType = sourcecode.swift; path = User.swift; sourceTree = "<group>"; };
		AF5A14BF29F2CE580067E183 /* UIColor+Hex.swift */ = {isa = PBXFileReference; lastKnownFileType = sourcecode.swift; path = "UIColor+Hex.swift"; sourceTree = "<group>"; };
		AF5A14C229F2CF900067E183 /* UIFont+Style.swift */ = {isa = PBXFileReference; lastKnownFileType = sourcecode.swift; path = "UIFont+Style.swift"; sourceTree = "<group>"; };
		AF5A14C429F2CF9F0067E183 /* UIColor+Style.swift */ = {isa = PBXFileReference; lastKnownFileType = sourcecode.swift; path = "UIColor+Style.swift"; sourceTree = "<group>"; };
		AF5A14C629F2D04B0067E183 /* UINavigationBar+Style.swift */ = {isa = PBXFileReference; lastKnownFileType = sourcecode.swift; path = "UINavigationBar+Style.swift"; sourceTree = "<group>"; };
		AF5A14C829F2D05B0067E183 /* UITabBar+Style.swift */ = {isa = PBXFileReference; lastKnownFileType = sourcecode.swift; path = "UITabBar+Style.swift"; sourceTree = "<group>"; };
		AF5A14CE29F2E1980067E183 /* NetworkManager.swift */ = {isa = PBXFileReference; lastKnownFileType = sourcecode.swift; path = NetworkManager.swift; sourceTree = "<group>"; };
		AF5A14D029F2E1ED0067E183 /* HTTPMethod.swift */ = {isa = PBXFileReference; lastKnownFileType = sourcecode.swift; path = HTTPMethod.swift; sourceTree = "<group>"; };
		AF5A14D229F2E20A0067E183 /* HTTPScheme.swift */ = {isa = PBXFileReference; lastKnownFileType = sourcecode.swift; path = HTTPScheme.swift; sourceTree = "<group>"; };
		AF5A14D429F2E2250067E183 /* API.swift */ = {isa = PBXFileReference; lastKnownFileType = sourcecode.swift; path = API.swift; sourceTree = "<group>"; };
		AF5A14D629F2E2800067E183 /* NewsAPI.swift */ = {isa = PBXFileReference; lastKnownFileType = sourcecode.swift; path = NewsAPI.swift; sourceTree = "<group>"; };
		AF5A14DB29F2EBC60067E183 /* HeadlinesResponse.swift */ = {isa = PBXFileReference; lastKnownFileType = sourcecode.swift; path = HeadlinesResponse.swift; sourceTree = "<group>"; };
		AF5A14DD29F30E300067E183 /* Alertable.swift */ = {isa = PBXFileReference; lastKnownFileType = sourcecode.swift; path = Alertable.swift; sourceTree = "<group>"; };
		AF5A14E329F31DF30067E183 /* ArticleListCellViewModel.swift */ = {isa = PBXFileReference; lastKnownFileType = sourcecode.swift; path = ArticleListCellViewModel.swift; sourceTree = "<group>"; };
		AF5A14E529F324250067E183 /* FeedUITableViewDataSource.swift */ = {isa = PBXFileReference; lastKnownFileType = sourcecode.swift; path = FeedUITableViewDataSource.swift; sourceTree = "<group>"; };
		AF5A14E729F325780067E183 /* UITableView+Reusable.swift */ = {isa = PBXFileReference; lastKnownFileType = sourcecode.swift; path = "UITableView+Reusable.swift"; sourceTree = "<group>"; };
		AF5A14E929F32D0B0067E183 /* FeedUITableViewDelegate.swift */ = {isa = PBXFileReference; lastKnownFileType = sourcecode.swift; path = FeedUITableViewDelegate.swift; sourceTree = "<group>"; };
		AF5A14EB29F33B1E0067E183 /* ArticleView.swift */ = {isa = PBXFileReference; lastKnownFileType = sourcecode.swift; path = ArticleView.swift; sourceTree = "<group>"; };
		AF5A14ED29F33B370067E183 /* ArticleViewController.swift */ = {isa = PBXFileReference; lastKnownFileType = sourcecode.swift; path = ArticleViewController.swift; sourceTree = "<group>"; };
		AF5A14EF29F33B580067E183 /* ArticleViewModel.swift */ = {isa = PBXFileReference; lastKnownFileType = sourcecode.swift; path = ArticleViewModel.swift; sourceTree = "<group>"; };
		AF5A14F129F33C250067E183 /* FeedCoordinator.swift */ = {isa = PBXFileReference; lastKnownFileType = sourcecode.swift; path = FeedCoordinator.swift; sourceTree = "<group>"; };
		AF5A14F329F33C4C0067E183 /* AccountCoordinator.swift */ = {isa = PBXFileReference; lastKnownFileType = sourcecode.swift; path = AccountCoordinator.swift; sourceTree = "<group>"; };
		AF5A14F629F3490F0067E183 /* ImageLoader.swift */ = {isa = PBXFileReference; lastKnownFileType = sourcecode.swift; path = ImageLoader.swift; sourceTree = "<group>"; };
		AF5A14F829F34AF50067E183 /* UIImageView+ActivityIndicator.swift */ = {isa = PBXFileReference; lastKnownFileType = sourcecode.swift; path = "UIImageView+ActivityIndicator.swift"; sourceTree = "<group>"; };
		AF5A14FA29F416900067E183 /* AuthenticationServiceType.swift */ = {isa = PBXFileReference; lastKnownFileType = sourcecode.swift; path = AuthenticationServiceType.swift; sourceTree = "<group>"; };
		AF5A14FC29F416E50067E183 /* AuthenticationMockService.swift */ = {isa = PBXFileReference; lastKnownFileType = sourcecode.swift; path = AuthenticationMockService.swift; sourceTree = "<group>"; };
		AF5A14FF29F422620067E183 /* DIContainerType.swift */ = {isa = PBXFileReference; lastKnownFileType = sourcecode.swift; path = DIContainerType.swift; sourceTree = "<group>"; };
		AF5A150129F425120067E183 /* DIContainer.swift */ = {isa = PBXFileReference; lastKnownFileType = sourcecode.swift; path = DIContainer.swift; sourceTree = "<group>"; };
		AF5A150329F4385F0067E183 /* README.md */ = {isa = PBXFileReference; lastKnownFileType = net.daringfireball.markdown; path = README.md; sourceTree = "<group>"; };
/* End PBXFileReference section */

/* Begin PBXFrameworksBuildPhase section */
		AF5A146029F2C8CC0067E183 /* Frameworks */ = {
			isa = PBXFrameworksBuildPhase;
			buildActionMask = 2147483647;
			files = (
			);
			runOnlyForDeploymentPostprocessing = 0;
		};
		AF5A147629F2C8CE0067E183 /* Frameworks */ = {
			isa = PBXFrameworksBuildPhase;
			buildActionMask = 2147483647;
			files = (
			);
			runOnlyForDeploymentPostprocessing = 0;
		};
		AF5A148029F2C8CE0067E183 /* Frameworks */ = {
			isa = PBXFrameworksBuildPhase;
			buildActionMask = 2147483647;
			files = (
			);
			runOnlyForDeploymentPostprocessing = 0;
		};
/* End PBXFrameworksBuildPhase section */

/* Begin PBXGroup section */
		AF5A145A29F2C8CC0067E183 = {
			isa = PBXGroup;
			children = (
				AF5A146529F2C8CD0067E183 /* Atos */,
				AF5A147C29F2C8CE0067E183 /* AtosTests */,
				AF5A148629F2C8CE0067E183 /* AtosUITests */,
				AF5A146429F2C8CD0067E183 /* Products */,
			);
			sourceTree = "<group>";
		};
		AF5A146429F2C8CD0067E183 /* Products */ = {
			isa = PBXGroup;
			children = (
				AF5A146329F2C8CD0067E183 /* Atos.app */,
				AF5A147929F2C8CE0067E183 /* AtosTests.xctest */,
				AF5A148329F2C8CE0067E183 /* AtosUITests.xctest */,
			);
			name = Products;
			sourceTree = "<group>";
		};
		AF5A146529F2C8CD0067E183 /* Atos */ = {
			isa = PBXGroup;
			children = (
				AF5A14FE29F422540067E183 /* DI */,
				AF5A14DF29F30F1E0067E183 /* Feed */,
				AF5A14CC29F2E1790067E183 /* Services */,
				AF5A14C129F2CE7A0067E183 /* Style */,
				AF5A14BE29F2CE470067E183 /* Utils */,
				AF5A14B729F2CBB30067E183 /* Models */,
				AF5A14AC29F2CB060067E183 /* ViewModels */,
				AF5A149F29F2C9F00067E183 /* Views */,
				AF5A149629F2C8DE0067E183 /* Coordinators */,
				AF5A146629F2C8CD0067E183 /* AppDelegate.swift */,
				AF5A146829F2C8CD0067E183 /* SceneDelegate.swift */,
				AF5A146A29F2C8CD0067E183 /* ViewController.swift */,
				AF5A146C29F2C8CD0067E183 /* Main.storyboard */,
				AF5A146F29F2C8CE0067E183 /* Assets.xcassets */,
				AF5A147129F2C8CE0067E183 /* LaunchScreen.storyboard */,
				AF5A147429F2C8CE0067E183 /* Info.plist */,
				AF5A150329F4385F0067E183 /* README.md */,
			);
			path = Atos;
			sourceTree = "<group>";
		};
		AF5A147C29F2C8CE0067E183 /* AtosTests */ = {
			isa = PBXGroup;
			children = (
				AF5A147D29F2C8CE0067E183 /* AtosTests.swift */,
			);
			path = AtosTests;
			sourceTree = "<group>";
		};
		AF5A148629F2C8CE0067E183 /* AtosUITests */ = {
			isa = PBXGroup;
			children = (
				AF5A148729F2C8CE0067E183 /* AtosUITests.swift */,
				AF5A148929F2C8CE0067E183 /* AtosUITestsLaunchTests.swift */,
			);
			path = AtosUITests;
			sourceTree = "<group>";
		};
		AF5A149629F2C8DE0067E183 /* Coordinators */ = {
			isa = PBXGroup;
			children = (
				AF5A149729F2C8EC0067E183 /* AppCoordinator.swift */,
				AF5A149929F2C9820067E183 /* Coordinator.swift */,
				AF5A149B29F2C9A50067E183 /* LoginCooridnator.swift */,
				AF5A149D29F2C9BA0067E183 /* HomeCoordinator.swift */,
				AF5A14F129F33C250067E183 /* FeedCoordinator.swift */,
				AF5A14F329F33C4C0067E183 /* AccountCoordinator.swift */,
			);
			path = Coordinators;
			sourceTree = "<group>";
		};
		AF5A149F29F2C9F00067E183 /* Views */ = {
			isa = PBXGroup;
			children = (
				AF5A14A029F2C9FD0067E183 /* LoginViewController.swift */,
				AF5A14A429F2CA2D0067E183 /* AccountViewController.swift */,
				AF5A14A629F2CA4B0067E183 /* LoginView.swift */,
				AF5A14AA29F2CA590067E183 /* AccountView.swift */,
			);
			path = Views;
			sourceTree = "<group>";
		};
		AF5A14AC29F2CB060067E183 /* ViewModels */ = {
			isa = PBXGroup;
			children = (
				AF5A14B329F2CB6D0067E183 /* AccountViewModel.swift */,
				AF5A14AD29F2CB130067E183 /* LoginViewModel.swift */,
			);
			path = ViewModels;
			sourceTree = "<group>";
		};
		AF5A14B729F2CBB30067E183 /* Models */ = {
			isa = PBXGroup;
			children = (
				AF5A14B829F2CBDB0067E183 /* Article.swift */,
				AF5A14BC29F2CC140067E183 /* User.swift */,
			);
			path = Models;
			sourceTree = "<group>";
		};
		AF5A14BE29F2CE470067E183 /* Utils */ = {
			isa = PBXGroup;
			children = (
				AF5A14BF29F2CE580067E183 /* UIColor+Hex.swift */,
				AF5A14DD29F30E300067E183 /* Alertable.swift */,
				AF5A14E729F325780067E183 /* UITableView+Reusable.swift */,
				AF5A14F829F34AF50067E183 /* UIImageView+ActivityIndicator.swift */,
			);
			path = Utils;
			sourceTree = "<group>";
		};
		AF5A14C129F2CE7A0067E183 /* Style */ = {
			isa = PBXGroup;
			children = (
				AF5A14C229F2CF900067E183 /* UIFont+Style.swift */,
				AF5A14C429F2CF9F0067E183 /* UIColor+Style.swift */,
				AF5A14C629F2D04B0067E183 /* UINavigationBar+Style.swift */,
				AF5A14C829F2D05B0067E183 /* UITabBar+Style.swift */,
			);
			path = Style;
			sourceTree = "<group>";
		};
		AF5A14CC29F2E1790067E183 /* Services */ = {
			isa = PBXGroup;
			children = (
				AF5A14F529F348F60067E183 /* Images */,
				AF5A14CD29F2E1800067E183 /* API */,
				AF5A14FA29F416900067E183 /* AuthenticationServiceType.swift */,
			);
			path = Services;
			sourceTree = "<group>";
		};
		AF5A14CD29F2E1800067E183 /* API */ = {
			isa = PBXGroup;
			children = (
				AF5A14D929F2EBAA0067E183 /* News */,
				AF5A14D829F2EBA30067E183 /* Common */,
				AF5A14FC29F416E50067E183 /* AuthenticationMockService.swift */,
			);
			path = API;
			sourceTree = "<group>";
		};
		AF5A14D829F2EBA30067E183 /* Common */ = {
			isa = PBXGroup;
			children = (
				AF5A14CE29F2E1980067E183 /* NetworkManager.swift */,
				AF5A14D029F2E1ED0067E183 /* HTTPMethod.swift */,
				AF5A14D229F2E20A0067E183 /* HTTPScheme.swift */,
				AF5A14D429F2E2250067E183 /* API.swift */,
			);
			path = Common;
			sourceTree = "<group>";
		};
		AF5A14D929F2EBAA0067E183 /* News */ = {
			isa = PBXGroup;
			children = (
				AF5A14D629F2E2800067E183 /* NewsAPI.swift */,
				AF5A14DB29F2EBC60067E183 /* HeadlinesResponse.swift */,
			);
			path = News;
			sourceTree = "<group>";
		};
		AF5A14DF29F30F1E0067E183 /* Feed */ = {
			isa = PBXGroup;
			children = (
				AF5A14E129F30F310067E183 /* ViewModels */,
				AF5A14E029F30F2C0067E183 /* Views */,
			);
			path = Feed;
			sourceTree = "<group>";
		};
		AF5A14E029F30F2C0067E183 /* Views */ = {
			isa = PBXGroup;
			children = (
				AF5A14A829F2CA520067E183 /* FeedView.swift */,
				AF5A14A229F2CA150067E183 /* FeedViewController.swift */,
				AF5A14B529F2CB830067E183 /* ArticleCell.swift */,
				AF5A14E529F324250067E183 /* FeedUITableViewDataSource.swift */,
				AF5A14E929F32D0B0067E183 /* FeedUITableViewDelegate.swift */,
				AF5A14EB29F33B1E0067E183 /* ArticleView.swift */,
				AF5A14ED29F33B370067E183 /* ArticleViewController.swift */,
			);
			path = Views;
			sourceTree = "<group>";
		};
		AF5A14E129F30F310067E183 /* ViewModels */ = {
			isa = PBXGroup;
			children = (
				AF5A14AF29F2CB1A0067E183 /* FeedViewModel.swift */,
				AF5A14E329F31DF30067E183 /* ArticleListCellViewModel.swift */,
				AF5A14EF29F33B580067E183 /* ArticleViewModel.swift */,
			);
			path = ViewModels;
			sourceTree = "<group>";
		};
		AF5A14F529F348F60067E183 /* Images */ = {
			isa = PBXGroup;
			children = (
				AF5A14F629F3490F0067E183 /* ImageLoader.swift */,
			);
			path = Images;
			sourceTree = "<group>";
		};
		AF5A14FE29F422540067E183 /* DI */ = {
			isa = PBXGroup;
			children = (
				AF5A14FF29F422620067E183 /* DIContainerType.swift */,
				AF5A150129F425120067E183 /* DIContainer.swift */,
			);
			path = DI;
			sourceTree = "<group>";
		};
/* End PBXGroup section */

/* Begin PBXNativeTarget section */
		AF5A146229F2C8CC0067E183 /* Atos */ = {
			isa = PBXNativeTarget;
			buildConfigurationList = AF5A148D29F2C8CE0067E183 /* Build configuration list for PBXNativeTarget "Atos" */;
			buildPhases = (
				AF5A145F29F2C8CC0067E183 /* Sources */,
				AF5A146029F2C8CC0067E183 /* Frameworks */,
				AF5A146129F2C8CC0067E183 /* Resources */,
			);
			buildRules = (
			);
			dependencies = (
			);
			name = Atos;
			productName = Atos;
			productReference = AF5A146329F2C8CD0067E183 /* Atos.app */;
			productType = "com.apple.product-type.application";
		};
		AF5A147829F2C8CE0067E183 /* AtosTests */ = {
			isa = PBXNativeTarget;
			buildConfigurationList = AF5A149029F2C8CE0067E183 /* Build configuration list for PBXNativeTarget "AtosTests" */;
			buildPhases = (
				AF5A147529F2C8CE0067E183 /* Sources */,
				AF5A147629F2C8CE0067E183 /* Frameworks */,
				AF5A147729F2C8CE0067E183 /* Resources */,
			);
			buildRules = (
			);
			dependencies = (
				AF5A147B29F2C8CE0067E183 /* PBXTargetDependency */,
			);
			name = AtosTests;
			productName = AtosTests;
			productReference = AF5A147929F2C8CE0067E183 /* AtosTests.xctest */;
			productType = "com.apple.product-type.bundle.unit-test";
		};
		AF5A148229F2C8CE0067E183 /* AtosUITests */ = {
			isa = PBXNativeTarget;
			buildConfigurationList = AF5A149329F2C8CE0067E183 /* Build configuration list for PBXNativeTarget "AtosUITests" */;
			buildPhases = (
				AF5A147F29F2C8CE0067E183 /* Sources */,
				AF5A148029F2C8CE0067E183 /* Frameworks */,
				AF5A148129F2C8CE0067E183 /* Resources */,
			);
			buildRules = (
			);
			dependencies = (
				AF5A148529F2C8CE0067E183 /* PBXTargetDependency */,
			);
			name = AtosUITests;
			productName = AtosUITests;
			productReference = AF5A148329F2C8CE0067E183 /* AtosUITests.xctest */;
			productType = "com.apple.product-type.bundle.ui-testing";
		};
/* End PBXNativeTarget section */

/* Begin PBXProject section */
		AF5A145B29F2C8CC0067E183 /* Project object */ = {
			isa = PBXProject;
			attributes = {
				BuildIndependentTargetsInParallel = 1;
				LastSwiftUpdateCheck = 1430;
				LastUpgradeCheck = 1430;
				TargetAttributes = {
					AF5A146229F2C8CC0067E183 = {
						CreatedOnToolsVersion = 14.3;
					};
					AF5A147829F2C8CE0067E183 = {
						CreatedOnToolsVersion = 14.3;
						TestTargetID = AF5A146229F2C8CC0067E183;
					};
					AF5A148229F2C8CE0067E183 = {
						CreatedOnToolsVersion = 14.3;
						TestTargetID = AF5A146229F2C8CC0067E183;
					};
				};
			};
			buildConfigurationList = AF5A145E29F2C8CC0067E183 /* Build configuration list for PBXProject "Atos" */;
			compatibilityVersion = "Xcode 14.0";
			developmentRegion = en;
			hasScannedForEncodings = 0;
			knownRegions = (
				en,
				Base,
			);
			mainGroup = AF5A145A29F2C8CC0067E183;
			productRefGroup = AF5A146429F2C8CD0067E183 /* Products */;
			projectDirPath = "";
			projectRoot = "";
			targets = (
				AF5A146229F2C8CC0067E183 /* Atos */,
				AF5A147829F2C8CE0067E183 /* AtosTests */,
				AF5A148229F2C8CE0067E183 /* AtosUITests */,
			);
		};
/* End PBXProject section */

/* Begin PBXResourcesBuildPhase section */
		AF5A146129F2C8CC0067E183 /* Resources */ = {
			isa = PBXResourcesBuildPhase;
			buildActionMask = 2147483647;
			files = (
				AF5A147329F2C8CE0067E183 /* LaunchScreen.storyboard in Resources */,
				AF5A147029F2C8CE0067E183 /* Assets.xcassets in Resources */,
				AF5A146E29F2C8CD0067E183 /* Main.storyboard in Resources */,
			);
			runOnlyForDeploymentPostprocessing = 0;
		};
		AF5A147729F2C8CE0067E183 /* Resources */ = {
			isa = PBXResourcesBuildPhase;
			buildActionMask = 2147483647;
			files = (
			);
			runOnlyForDeploymentPostprocessing = 0;
		};
		AF5A148129F2C8CE0067E183 /* Resources */ = {
			isa = PBXResourcesBuildPhase;
			buildActionMask = 2147483647;
			files = (
			);
			runOnlyForDeploymentPostprocessing = 0;
		};
/* End PBXResourcesBuildPhase section */

/* Begin PBXSourcesBuildPhase section */
		AF5A145F29F2C8CC0067E183 /* Sources */ = {
			isa = PBXSourcesBuildPhase;
			buildActionMask = 2147483647;
			files = (
				AF5A149829F2C8EC0067E183 /* AppCoordinator.swift in Sources */,
				AF5A14C529F2CF9F0067E183 /* UIColor+Style.swift in Sources */,
				AF5A14A329F2CA150067E183 /* FeedViewController.swift in Sources */,
				AF5A14B929F2CBDB0067E183 /* Article.swift in Sources */,
				AF5A14F429F33C4C0067E183 /* AccountCoordinator.swift in Sources */,
				AF5A146B29F2C8CD0067E183 /* ViewController.swift in Sources */,
				AF5A14E429F31DF30067E183 /* ArticleListCellViewModel.swift in Sources */,
				AF5A149C29F2C9A50067E183 /* LoginCooridnator.swift in Sources */,
				AF5A14EC29F33B1E0067E183 /* ArticleView.swift in Sources */,
				AF5A14D529F2E2250067E183 /* API.swift in Sources */,
				AF5A14A929F2CA520067E183 /* FeedView.swift in Sources */,
				AF5A14DC29F2EBC60067E183 /* HeadlinesResponse.swift in Sources */,
				AF5A14DE29F30E300067E183 /* Alertable.swift in Sources */,
				AF5A14B029F2CB1A0067E183 /* FeedViewModel.swift in Sources */,
				AF5A14C329F2CF900067E183 /* UIFont+Style.swift in Sources */,
				AF5A149A29F2C9820067E183 /* Coordinator.swift in Sources */,
				AF5A14EA29F32D0B0067E183 /* FeedUITableViewDelegate.swift in Sources */,
				AF5A14D129F2E1ED0067E183 /* HTTPMethod.swift in Sources */,
				AF5A14F029F33B580067E183 /* ArticleViewModel.swift in Sources */,
				AF5A14AE29F2CB130067E183 /* LoginViewModel.swift in Sources */,
				AF5A14C729F2D04B0067E183 /* UINavigationBar+Style.swift in Sources */,
				AF5A14FD29F416E50067E183 /* AuthenticationMockService.swift in Sources */,
				AF5A14C029F2CE580067E183 /* UIColor+Hex.swift in Sources */,
				AF5A14D329F2E20A0067E183 /* HTTPScheme.swift in Sources */,
				AF5A150229F425120067E183 /* DIContainer.swift in Sources */,
				AF5A14F229F33C250067E183 /* FeedCoordinator.swift in Sources */,
				AF5A14C929F2D05B0067E183 /* UITabBar+Style.swift in Sources */,
				AF5A14FB29F416900067E183 /* AuthenticationServiceType.swift in Sources */,
				AF5A14D729F2E2800067E183 /* NewsAPI.swift in Sources */,
				AF5A14A129F2C9FD0067E183 /* LoginViewController.swift in Sources */,
				AF5A14A529F2CA2D0067E183 /* AccountViewController.swift in Sources */,
				AF5A14EE29F33B370067E183 /* ArticleViewController.swift in Sources */,
				AF5A14B429F2CB6D0067E183 /* AccountViewModel.swift in Sources */,
				AF5A14E829F325780067E183 /* UITableView+Reusable.swift in Sources */,
				AF5A146729F2C8CD0067E183 /* AppDelegate.swift in Sources */,
				AF5A150029F422620067E183 /* DIContainerType.swift in Sources */,
				AF5A14B629F2CB830067E183 /* ArticleCell.swift in Sources */,
				AF5A14A729F2CA4B0067E183 /* LoginView.swift in Sources */,
				AF5A14F729F3490F0067E183 /* ImageLoader.swift in Sources */,
				AF5A149E29F2C9BA0067E183 /* HomeCoordinator.swift in Sources */,
				AF5A14AB29F2CA590067E183 /* AccountView.swift in Sources */,
				AF5A14E629F324250067E183 /* FeedUITableViewDataSource.swift in Sources */,
				AF5A14CF29F2E1980067E183 /* NetworkManager.swift in Sources */,
				AF5A14F929F34AF50067E183 /* UIImageView+ActivityIndicator.swift in Sources */,
				AF5A146929F2C8CD0067E183 /* SceneDelegate.swift in Sources */,
				AF5A14BD29F2CC140067E183 /* User.swift in Sources */,
			);
			runOnlyForDeploymentPostprocessing = 0;
		};
		AF5A147529F2C8CE0067E183 /* Sources */ = {
			isa = PBXSourcesBuildPhase;
			buildActionMask = 2147483647;
			files = (
				AF5A147E29F2C8CE0067E183 /* AtosTests.swift in Sources */,
			);
			runOnlyForDeploymentPostprocessing = 0;
		};
		AF5A147F29F2C8CE0067E183 /* Sources */ = {
			isa = PBXSourcesBuildPhase;
			buildActionMask = 2147483647;
			files = (
				AF5A148829F2C8CE0067E183 /* AtosUITests.swift in Sources */,
				AF5A148A29F2C8CE0067E183 /* AtosUITestsLaunchTests.swift in Sources */,
			);
			runOnlyForDeploymentPostprocessing = 0;
		};
/* End PBXSourcesBuildPhase section */

/* Begin PBXTargetDependency section */
		AF5A147B29F2C8CE0067E183 /* PBXTargetDependency */ = {
			isa = PBXTargetDependency;
			target = AF5A146229F2C8CC0067E183 /* Atos */;
			targetProxy = AF5A147A29F2C8CE0067E183 /* PBXContainerItemProxy */;
		};
		AF5A148529F2C8CE0067E183 /* PBXTargetDependency */ = {
			isa = PBXTargetDependency;
			target = AF5A146229F2C8CC0067E183 /* Atos */;
			targetProxy = AF5A148429F2C8CE0067E183 /* PBXContainerItemProxy */;
		};
/* End PBXTargetDependency section */

/* Begin PBXVariantGroup section */
		AF5A146C29F2C8CD0067E183 /* Main.storyboard */ = {
			isa = PBXVariantGroup;
			children = (
				AF5A146D29F2C8CD0067E183 /* Base */,
			);
			name = Main.storyboard;
			sourceTree = "<group>";
		};
		AF5A147129F2C8CE0067E183 /* LaunchScreen.storyboard */ = {
			isa = PBXVariantGroup;
			children = (
				AF5A147229F2C8CE0067E183 /* Base */,
			);
			name = LaunchScreen.storyboard;
			sourceTree = "<group>";
		};
/* End PBXVariantGroup section */

/* Begin XCBuildConfiguration section */
		AF5A148B29F2C8CE0067E183 /* Debug */ = {
			isa = XCBuildConfiguration;
			buildSettings = {
				ALWAYS_SEARCH_USER_PATHS = NO;
				CLANG_ANALYZER_NONNULL = YES;
				CLANG_ANALYZER_NUMBER_OBJECT_CONVERSION = YES_AGGRESSIVE;
				CLANG_CXX_LANGUAGE_STANDARD = "gnu++20";
				CLANG_ENABLE_MODULES = YES;
				CLANG_ENABLE_OBJC_ARC = YES;
				CLANG_ENABLE_OBJC_WEAK = YES;
				CLANG_WARN_BLOCK_CAPTURE_AUTORELEASING = YES;
				CLANG_WARN_BOOL_CONVERSION = YES;
				CLANG_WARN_COMMA = YES;
				CLANG_WARN_CONSTANT_CONVERSION = YES;
				CLANG_WARN_DEPRECATED_OBJC_IMPLEMENTATIONS = YES;
				CLANG_WARN_DIRECT_OBJC_ISA_USAGE = YES_ERROR;
				CLANG_WARN_DOCUMENTATION_COMMENTS = YES;
				CLANG_WARN_EMPTY_BODY = YES;
				CLANG_WARN_ENUM_CONVERSION = YES;
				CLANG_WARN_INFINITE_RECURSION = YES;
				CLANG_WARN_INT_CONVERSION = YES;
				CLANG_WARN_NON_LITERAL_NULL_CONVERSION = YES;
				CLANG_WARN_OBJC_IMPLICIT_RETAIN_SELF = YES;
				CLANG_WARN_OBJC_LITERAL_CONVERSION = YES;
				CLANG_WARN_OBJC_ROOT_CLASS = YES_ERROR;
				CLANG_WARN_QUOTED_INCLUDE_IN_FRAMEWORK_HEADER = YES;
				CLANG_WARN_RANGE_LOOP_ANALYSIS = YES;
				CLANG_WARN_STRICT_PROTOTYPES = YES;
				CLANG_WARN_SUSPICIOUS_MOVE = YES;
				CLANG_WARN_UNGUARDED_AVAILABILITY = YES_AGGRESSIVE;
				CLANG_WARN_UNREACHABLE_CODE = YES;
				CLANG_WARN__DUPLICATE_METHOD_MATCH = YES;
				COPY_PHASE_STRIP = NO;
				DEBUG_INFORMATION_FORMAT = dwarf;
				ENABLE_STRICT_OBJC_MSGSEND = YES;
				ENABLE_TESTABILITY = YES;
				GCC_C_LANGUAGE_STANDARD = gnu11;
				GCC_DYNAMIC_NO_PIC = NO;
				GCC_NO_COMMON_BLOCKS = YES;
				GCC_OPTIMIZATION_LEVEL = 0;
				GCC_PREPROCESSOR_DEFINITIONS = (
					"DEBUG=1",
					"$(inherited)",
				);
				GCC_WARN_64_TO_32_BIT_CONVERSION = YES;
				GCC_WARN_ABOUT_RETURN_TYPE = YES_ERROR;
				GCC_WARN_UNDECLARED_SELECTOR = YES;
				GCC_WARN_UNINITIALIZED_AUTOS = YES_AGGRESSIVE;
				GCC_WARN_UNUSED_FUNCTION = YES;
				GCC_WARN_UNUSED_VARIABLE = YES;
				IPHONEOS_DEPLOYMENT_TARGET = 16.4;
				MTL_ENABLE_DEBUG_INFO = INCLUDE_SOURCE;
				MTL_FAST_MATH = YES;
				ONLY_ACTIVE_ARCH = YES;
				SDKROOT = iphoneos;
				SWIFT_ACTIVE_COMPILATION_CONDITIONS = DEBUG;
				SWIFT_OPTIMIZATION_LEVEL = "-Onone";
			};
			name = Debug;
		};
		AF5A148C29F2C8CE0067E183 /* Release */ = {
			isa = XCBuildConfiguration;
			buildSettings = {
				ALWAYS_SEARCH_USER_PATHS = NO;
				CLANG_ANALYZER_NONNULL = YES;
				CLANG_ANALYZER_NUMBER_OBJECT_CONVERSION = YES_AGGRESSIVE;
				CLANG_CXX_LANGUAGE_STANDARD = "gnu++20";
				CLANG_ENABLE_MODULES = YES;
				CLANG_ENABLE_OBJC_ARC = YES;
				CLANG_ENABLE_OBJC_WEAK = YES;
				CLANG_WARN_BLOCK_CAPTURE_AUTORELEASING = YES;
				CLANG_WARN_BOOL_CONVERSION = YES;
				CLANG_WARN_COMMA = YES;
				CLANG_WARN_CONSTANT_CONVERSION = YES;
				CLANG_WARN_DEPRECATED_OBJC_IMPLEMENTATIONS = YES;
				CLANG_WARN_DIRECT_OBJC_ISA_USAGE = YES_ERROR;
				CLANG_WARN_DOCUMENTATION_COMMENTS = YES;
				CLANG_WARN_EMPTY_BODY = YES;
				CLANG_WARN_ENUM_CONVERSION = YES;
				CLANG_WARN_INFINITE_RECURSION = YES;
				CLANG_WARN_INT_CONVERSION = YES;
				CLANG_WARN_NON_LITERAL_NULL_CONVERSION = YES;
				CLANG_WARN_OBJC_IMPLICIT_RETAIN_SELF = YES;
				CLANG_WARN_OBJC_LITERAL_CONVERSION = YES;
				CLANG_WARN_OBJC_ROOT_CLASS = YES_ERROR;
				CLANG_WARN_QUOTED_INCLUDE_IN_FRAMEWORK_HEADER = YES;
				CLANG_WARN_RANGE_LOOP_ANALYSIS = YES;
				CLANG_WARN_STRICT_PROTOTYPES = YES;
				CLANG_WARN_SUSPICIOUS_MOVE = YES;
				CLANG_WARN_UNGUARDED_AVAILABILITY = YES_AGGRESSIVE;
				CLANG_WARN_UNREACHABLE_CODE = YES;
				CLANG_WARN__DUPLICATE_METHOD_MATCH = YES;
				COPY_PHASE_STRIP = NO;
				DEBUG_INFORMATION_FORMAT = "dwarf-with-dsym";
				ENABLE_NS_ASSERTIONS = NO;
				ENABLE_STRICT_OBJC_MSGSEND = YES;
				GCC_C_LANGUAGE_STANDARD = gnu11;
				GCC_NO_COMMON_BLOCKS = YES;
				GCC_WARN_64_TO_32_BIT_CONVERSION = YES;
				GCC_WARN_ABOUT_RETURN_TYPE = YES_ERROR;
				GCC_WARN_UNDECLARED_SELECTOR = YES;
				GCC_WARN_UNINITIALIZED_AUTOS = YES_AGGRESSIVE;
				GCC_WARN_UNUSED_FUNCTION = YES;
				GCC_WARN_UNUSED_VARIABLE = YES;
				IPHONEOS_DEPLOYMENT_TARGET = 16.4;
				MTL_ENABLE_DEBUG_INFO = NO;
				MTL_FAST_MATH = YES;
				SDKROOT = iphoneos;
				SWIFT_COMPILATION_MODE = wholemodule;
				SWIFT_OPTIMIZATION_LEVEL = "-O";
				VALIDATE_PRODUCT = YES;
			};
			name = Release;
		};
		AF5A148E29F2C8CE0067E183 /* Debug */ = {
			isa = XCBuildConfiguration;
			buildSettings = {
				ASSETCATALOG_COMPILER_APPICON_NAME = AppIcon;
				ASSETCATALOG_COMPILER_GLOBAL_ACCENT_COLOR_NAME = AccentColor;
				CODE_SIGN_STYLE = Automatic;
				CURRENT_PROJECT_VERSION = 1;
				DEVELOPMENT_TEAM = X74P6CP4VC;
				GENERATE_INFOPLIST_FILE = YES;
				INFOPLIST_FILE = Atos/Info.plist;
				INFOPLIST_KEY_UIApplicationSupportsIndirectInputEvents = YES;
				INFOPLIST_KEY_UILaunchStoryboardName = LaunchScreen;
				INFOPLIST_KEY_UIMainStoryboardFile = Main;
				INFOPLIST_KEY_UISupportedInterfaceOrientations_iPad = "UIInterfaceOrientationPortrait UIInterfaceOrientationPortraitUpsideDown UIInterfaceOrientationLandscapeLeft UIInterfaceOrientationLandscapeRight";
				INFOPLIST_KEY_UISupportedInterfaceOrientations_iPhone = "UIInterfaceOrientationPortrait UIInterfaceOrientationLandscapeLeft UIInterfaceOrientationLandscapeRight";
				IPHONEOS_DEPLOYMENT_TARGET = 15.0;
				LD_RUNPATH_SEARCH_PATHS = (
					"$(inherited)",
					"@executable_path/Frameworks",
				);
				MARKETING_VERSION = 1.0;
				PRODUCT_BUNDLE_IDENTIFIER = com.piotrdebosz.Atos;
				PRODUCT_NAME = "$(TARGET_NAME)";
				SWIFT_EMIT_LOC_STRINGS = YES;
				SWIFT_VERSION = 5.0;
				TARGETED_DEVICE_FAMILY = "1,2";
			};
			name = Debug;
		};
		AF5A148F29F2C8CE0067E183 /* Release */ = {
			isa = XCBuildConfiguration;
			buildSettings = {
				ASSETCATALOG_COMPILER_APPICON_NAME = AppIcon;
				ASSETCATALOG_COMPILER_GLOBAL_ACCENT_COLOR_NAME = AccentColor;
				CODE_SIGN_STYLE = Automatic;
				CURRENT_PROJECT_VERSION = 1;
				DEVELOPMENT_TEAM = X74P6CP4VC;
				GENERATE_INFOPLIST_FILE = YES;
				INFOPLIST_FILE = Atos/Info.plist;
				INFOPLIST_KEY_UIApplicationSupportsIndirectInputEvents = YES;
				INFOPLIST_KEY_UILaunchStoryboardName = LaunchScreen;
				INFOPLIST_KEY_UIMainStoryboardFile = Main;
				INFOPLIST_KEY_UISupportedInterfaceOrientations_iPad = "UIInterfaceOrientationPortrait UIInterfaceOrientationPortraitUpsideDown UIInterfaceOrientationLandscapeLeft UIInterfaceOrientationLandscapeRight";
				INFOPLIST_KEY_UISupportedInterfaceOrientations_iPhone = "UIInterfaceOrientationPortrait UIInterfaceOrientationLandscapeLeft UIInterfaceOrientationLandscapeRight";
				IPHONEOS_DEPLOYMENT_TARGET = 15.0;
				LD_RUNPATH_SEARCH_PATHS = (
					"$(inherited)",
					"@executable_path/Frameworks",
				);
				MARKETING_VERSION = 1.0;
				PRODUCT_BUNDLE_IDENTIFIER = com.piotrdebosz.Atos;
				PRODUCT_NAME = "$(TARGET_NAME)";
				SWIFT_EMIT_LOC_STRINGS = YES;
				SWIFT_VERSION = 5.0;
				TARGETED_DEVICE_FAMILY = "1,2";
			};
			name = Release;
		};
		AF5A149129F2C8CE0067E183 /* Debug */ = {
			isa = XCBuildConfiguration;
			buildSettings = {
				ALWAYS_EMBED_SWIFT_STANDARD_LIBRARIES = YES;
				BUNDLE_LOADER = "$(TEST_HOST)";
				CODE_SIGN_STYLE = Automatic;
				CURRENT_PROJECT_VERSION = 1;
				DEVELOPMENT_TEAM = X74P6CP4VC;
				GENERATE_INFOPLIST_FILE = YES;
				IPHONEOS_DEPLOYMENT_TARGET = 16.4;
				MARKETING_VERSION = 1.0;
				PRODUCT_BUNDLE_IDENTIFIER = com.piotrdebosz.AtosTests;
				PRODUCT_NAME = "$(TARGET_NAME)";
				SWIFT_EMIT_LOC_STRINGS = NO;
				SWIFT_VERSION = 5.0;
				TARGETED_DEVICE_FAMILY = "1,2";
				TEST_HOST = "$(BUILT_PRODUCTS_DIR)/Atos.app/$(BUNDLE_EXECUTABLE_FOLDER_PATH)/Atos";
			};
			name = Debug;
		};
		AF5A149229F2C8CE0067E183 /* Release */ = {
			isa = XCBuildConfiguration;
			buildSettings = {
				ALWAYS_EMBED_SWIFT_STANDARD_LIBRARIES = YES;
				BUNDLE_LOADER = "$(TEST_HOST)";
				CODE_SIGN_STYLE = Automatic;
				CURRENT_PROJECT_VERSION = 1;
				DEVELOPMENT_TEAM = X74P6CP4VC;
				GENERATE_INFOPLIST_FILE = YES;
				IPHONEOS_DEPLOYMENT_TARGET = 16.4;
				MARKETING_VERSION = 1.0;
				PRODUCT_BUNDLE_IDENTIFIER = com.piotrdebosz.AtosTests;
				PRODUCT_NAME = "$(TARGET_NAME)";
				SWIFT_EMIT_LOC_STRINGS = NO;
				SWIFT_VERSION = 5.0;
				TARGETED_DEVICE_FAMILY = "1,2";
				TEST_HOST = "$(BUILT_PRODUCTS_DIR)/Atos.app/$(BUNDLE_EXECUTABLE_FOLDER_PATH)/Atos";
			};
			name = Release;
		};
		AF5A149429F2C8CE0067E183 /* Debug */ = {
			isa = XCBuildConfiguration;
			buildSettings = {
				ALWAYS_EMBED_SWIFT_STANDARD_LIBRARIES = YES;
				CODE_SIGN_STYLE = Automatic;
				CURRENT_PROJECT_VERSION = 1;
				DEVELOPMENT_TEAM = X74P6CP4VC;
				GENERATE_INFOPLIST_FILE = YES;
				MARKETING_VERSION = 1.0;
				PRODUCT_BUNDLE_IDENTIFIER = com.piotrdebosz.AtosUITests;
				PRODUCT_NAME = "$(TARGET_NAME)";
				SWIFT_EMIT_LOC_STRINGS = NO;
				SWIFT_VERSION = 5.0;
				TARGETED_DEVICE_FAMILY = "1,2";
				TEST_TARGET_NAME = Atos;
			};
			name = Debug;
		};
		AF5A149529F2C8CE0067E183 /* Release */ = {
			isa = XCBuildConfiguration;
			buildSettings = {
				ALWAYS_EMBED_SWIFT_STANDARD_LIBRARIES = YES;
				CODE_SIGN_STYLE = Automatic;
				CURRENT_PROJECT_VERSION = 1;
				DEVELOPMENT_TEAM = X74P6CP4VC;
				GENERATE_INFOPLIST_FILE = YES;
				MARKETING_VERSION = 1.0;
				PRODUCT_BUNDLE_IDENTIFIER = com.piotrdebosz.AtosUITests;
				PRODUCT_NAME = "$(TARGET_NAME)";
				SWIFT_EMIT_LOC_STRINGS = NO;
				SWIFT_VERSION = 5.0;
				TARGETED_DEVICE_FAMILY = "1,2";
				TEST_TARGET_NAME = Atos;
			};
			name = Release;
		};
/* End XCBuildConfiguration section */

/* Begin XCConfigurationList section */
		AF5A145E29F2C8CC0067E183 /* Build configuration list for PBXProject "Atos" */ = {
			isa = XCConfigurationList;
			buildConfigurations = (
				AF5A148B29F2C8CE0067E183 /* Debug */,
				AF5A148C29F2C8CE0067E183 /* Release */,
			);
			defaultConfigurationIsVisible = 0;
			defaultConfigurationName = Release;
		};
		AF5A148D29F2C8CE0067E183 /* Build configuration list for PBXNativeTarget "Atos" */ = {
			isa = XCConfigurationList;
			buildConfigurations = (
				AF5A148E29F2C8CE0067E183 /* Debug */,
				AF5A148F29F2C8CE0067E183 /* Release */,
			);
			defaultConfigurationIsVisible = 0;
			defaultConfigurationName = Release;
		};
		AF5A149029F2C8CE0067E183 /* Build configuration list for PBXNativeTarget "AtosTests" */ = {
			isa = XCConfigurationList;
			buildConfigurations = (
				AF5A149129F2C8CE0067E183 /* Debug */,
				AF5A149229F2C8CE0067E183 /* Release */,
			);
			defaultConfigurationIsVisible = 0;
			defaultConfigurationName = Release;
		};
		AF5A149329F2C8CE0067E183 /* Build configuration list for PBXNativeTarget "AtosUITests" */ = {
			isa = XCConfigurationList;
			buildConfigurations = (
				AF5A149429F2C8CE0067E183 /* Debug */,
				AF5A149529F2C8CE0067E183 /* Release */,
			);
			defaultConfigurationIsVisible = 0;
			defaultConfigurationName = Release;
		};
/* End XCConfigurationList section */
	};
	rootObject = AF5A145B29F2C8CC0067E183 /* Project object */;
}
